github.com/chipzoller/hugo-clarity v0.0.0-20220211152242-d9bf479a91bc h1:YqisyinRx3k/+V5BT5SDOj0VGwV4swC9I9YveWhPGlM=
github.com/chipzoller/hugo-clarity v0.0.0-20220211152242-d9bf479a91bc/go.mod h1:v1JkaKdcLRibyUCalLP2CNeFo6FGzfd4ipEr4dK0+Zg=
github.com/chipzoller/hugo-clarity v0.0.0-20220222000918-17e6574dd5c9 h1:qJ0gY1O4YXrX4TTlYIQl/NvDIGvuJ1X0T+E1f67n45w=
github.com/chipzoller/hugo-clarity v0.0.0-20220222000918-17e6574dd5c9/go.mod h1:v1JkaKdcLRibyUCalLP2CNeFo6FGzfd4ipEr4dK0+Zg=
github.com/chipzoller/hugo-clarity v0.0.0-20220308110352-907d62a27967 h1:RWYB2xupxuTswi3SB92JmXBoUsku5k7sNbfa3MusoHo=
github.com/chipzoller/hugo-clarity v0.0.0-20220308110352-907d62a27967/go.mod h1:v1JkaKdcLRibyUCalLP2CNeFo6FGzfd4ipEr4dK0+Zg=
github.com/chipzoller/hugo-clarity v0.0.0-20220325000548-4bc5168bed27 h1:1dlLQCH7VfjtlOkb9/PHpURsP6iWV8QqFrqXhl+PnaM=
github.com/chipzoller/hugo-clarity v0.0.0-20220325000548-4bc5168bed27/go.mod h1:v1JkaKdcLRibyUCalLP2CNeFo6FGzfd4ipEr4dK0+Zg=
github.com/chipzoller/hugo-clarity v0.0.0-20220407195657-f40414b5292c h1:v2NXWYLOsCYUh5g0KrZfeTdSLNAoJ84hO2ZmtihLFfo=
github.com/chipzoller/hugo-clarity v0.0.0-20220407195657-f40414b5292c/go.mod h1:v1JkaKdcLRibyUCalLP2CNeFo6FGzfd4ipEr4dK0+Zg=
github.com/chipzoller/hugo-clarity v0.0.0-20220414005802-85845f5bfdae h1:p1WdhuYz2c+Xa3C+la3GcVRpSBqYQktWqcOaKWVcUnw=
github.com/chipzoller/hugo-clarity v0.0.0-20220414005802-85845f5bfdae/go.mod h1:v1JkaKdcLRibyUCalLP2CNeFo6FGzfd4ipEr4dK0+Zg=
github.com/chipzoller/hugo-clarity v0.0.0-20220428210005-771304dd22a4 h1:2ksFcrJzhZ3DF9BoiS/4wdZTqX1Z6PPHMMgn/nxeX0I=
github.com/chipzoller/hugo-clarity v0.0.0-20220428210005-771304dd22a4/go.mod h1:v1JkaKdcLRibyUCalLP2CNeFo6FGzfd4ipEr4dK0+Zg=
github.com/chipzoller/hugo-clarity v0.0.0-20220510222802-4cf61c2be837 h1:b9ImBIyaZ+6pQJudLx6BKv+o/xwGaknwwc5Bl/jSztA=
github.com/chipzoller/hugo-clarity v0.0.0-20220510222802-4cf61c2be837/go.mod h1:v1JkaKdcLRibyUCalLP2CNeFo6FGzfd4ipEr4dK0+Zg=
github.com/chipzoller/hugo-clarity v0.0.0-20220513212154-ede406b64d25 h1:Z59dXmaFSeTlYvKmhXxxtlfn3kT2KIAnBO1WkT44+5o=
github.com/chipzoller/hugo-clarity v0.0.0-20220513212154-ede406b64d25/go.mod h1:v1JkaKdcLRibyUCalLP2CNeFo6FGzfd4ipEr4dK0+Zg=
github.com/chipzoller/hugo-clarity v0.0.0-20220514220846-f062754faf7b h1:hQpDkjCbsp9FZJfhfV2wd67uqMUcciSj/wDf4BSvApk=
github.com/chipzoller/hugo-clarity v0.0.0-20220514220846-f062754faf7b/go.mod h1:v1JkaKdcLRibyUCalLP2CNeFo6FGzfd4ipEr4dK0+Zg=
github.com/chipzoller/hugo-clarity v0.0.0-20220516233818-616b44986438 h1:EEvkL5gpjs7FQKqvI4JGkiJVAEw+Nx0TFwe8oiARofs=
github.com/chipzoller/hugo-clarity v0.0.0-20220516233818-616b44986438/go.mod h1:v1JkaKdcLRibyUCalLP2CNeFo6FGzfd4ipEr4dK0+Zg=
github.com/chipzoller/hugo-clarity v0.0.0-20220519120232-e511e14db7a1 h1:FpG6P0oflfVEYDyomjWuWfKU4A/dU1PM7S8MzVM+TNY=
github.com/chipzoller/hugo-clarity v0.0.0-20220519120232-e511e14db7a1/go.mod h1:v1JkaKdcLRibyUCalLP2CNeFo6FGzfd4ipEr4dK0+Zg=
github.com/chipzoller/hugo-clarity v0.0.0-20220606131958-c36221fc715d h1:s2tTPvnd680gkzK5xo8dhY0TxUlyA+D5+Rd04hyoYkc=
github.com/chipzoller/hugo-clarity v0.0.0-20220606131958-c36221fc715d/go.mod h1:v1JkaKdcLRibyUCalLP2CNeFo6FGzfd4ipEr4dK0+Zg=
github.com/chipzoller/hugo-clarity v0.0.0-20220630205727-829f6816d4b8 h1:zz/jVKDu7ZGE2+ugAbbbJye2bPqK3WRISD0UVq486Wc=
github.com/chipzoller/hugo-clarity v0.0.0-20220630205727-829f6816d4b8/go.mod h1:v1JkaKdcLRibyUCalLP2CNeFo6FGzfd4ipEr4dK0+Zg=
github.com/chipzoller/hugo-clarity v0.0.0-20220713201930-26d1949f05a3 h1:KG84PBakxe779CUj3nVgI93RITUKf2iZ6FpzJlMDNYA=
github.com/chipzoller/hugo-clarity v0.0.0-20220713201930-26d1949f05a3/go.mod h1:v1JkaKdcLRibyUCalLP2CNeFo6FGzfd4ipEr4dK0+Zg=
