github.com/chipzoller/hugo-clarity v0.0.0-20220211152242-d9bf479a91bc h1:YqisyinRx3k/+V5BT5SDOj0VGwV4swC9I9YveWhPGlM=
github.com/chipzoller/hugo-clarity v0.0.0-20220211152242-d9bf479a91bc/go.mod h1:v1JkaKdcLRibyUCalLP2CNeFo6FGzfd4ipEr4dK0+Zg=
github.com/chipzoller/hugo-clarity v0.0.0-20220222000918-17e6574dd5c9 h1:qJ0gY1O4YXrX4TTlYIQl/NvDIGvuJ1X0T+E1f67n45w=
github.com/chipzoller/hugo-clarity v0.0.0-20220222000918-17e6574dd5c9/go.mod h1:v1JkaKdcLRibyUCalLP2CNeFo6FGzfd4ipEr4dK0+Zg=
github.com/chipzoller/hugo-clarity v0.0.0-20220308110352-907d62a27967 h1:RWYB2xupxuTswi3SB92JmXBoUsku5k7sNbfa3MusoHo=
github.com/chipzoller/hugo-clarity v0.0.0-20220308110352-907d62a27967/go.mod h1:v1JkaKdcLRibyUCalLP2CNeFo6FGzfd4ipEr4dK0+Zg=
github.com/chipzoller/hugo-clarity v0.0.0-20220325000548-4bc5168bed27 h1:1dlLQCH7VfjtlOkb9/PHpURsP6iWV8QqFrqXhl+PnaM=
github.com/chipzoller/hugo-clarity v0.0.0-20220325000548-4bc5168bed27/go.mod h1:v1JkaKdcLRibyUCalLP2CNeFo6FGzfd4ipEr4dK0+Zg=
